// !$*UTF8*$!
{
	archiveVersion = 1;
	classes = {
	};
	objectVersion = 50;
	objects = {

/* Begin PBXBuildFile section */
		E1145092219A57E100F77E2E /* AppDelegate.swift in Sources */ = {isa = PBXBuildFile; fileRef = E1145091219A57E100F77E2E /* AppDelegate.swift */; };
		E1145094219A57E100F77E2E /* ViewController.swift in Sources */ = {isa = PBXBuildFile; fileRef = E1145093219A57E100F77E2E /* ViewController.swift */; };
		E1145097219A57E100F77E2E /* Main.storyboard in Resources */ = {isa = PBXBuildFile; fileRef = E1145095219A57E100F77E2E /* Main.storyboard */; };
		E114509A219A57E100F77E2E /* InstagramDemo.xcdatamodeld in Sources */ = {isa = PBXBuildFile; fileRef = E1145098219A57E100F77E2E /* InstagramDemo.xcdatamodeld */; };
		E114509C219A57E200F77E2E /* Assets.xcassets in Resources */ = {isa = PBXBuildFile; fileRef = E114509B219A57E200F77E2E /* Assets.xcassets */; };
		E114509F219A57E200F77E2E /* LaunchScreen.storyboard in Resources */ = {isa = PBXBuildFile; fileRef = E114509D219A57E200F77E2E /* LaunchScreen.storyboard */; };
/* End PBXBuildFile section */

/* Begin PBXFileReference section */
		E114508E219A57E100F77E2E /* InstagramDemo.app */ = {isa = PBXFileReference; explicitFileType = wrapper.application; includeInIndex = 0; path = InstagramDemo.app; sourceTree = BUILT_PRODUCTS_DIR; };
		E1145091219A57E100F77E2E /* AppDelegate.swift */ = {isa = PBXFileReference; lastKnownFileType = sourcecode.swift; path = AppDelegate.swift; sourceTree = "<group>"; };
		E1145093219A57E100F77E2E /* ViewController.swift */ = {isa = PBXFileReference; lastKnownFileType = sourcecode.swift; path = ViewController.swift; sourceTree = "<group>"; };
		E1145096219A57E100F77E2E /* Base */ = {isa = PBXFileReference; lastKnownFileType = file.storyboard; name = Base; path = Base.lproj/Main.storyboard; sourceTree = "<group>"; };
		E1145099219A57E100F77E2E /* InstagramDemo.xcdatamodel */ = {isa = PBXFileReference; lastKnownFileType = wrapper.xcdatamodel; path = InstagramDemo.xcdatamodel; sourceTree = "<group>"; };
		E114509B219A57E200F77E2E /* Assets.xcassets */ = {isa = PBXFileReference; lastKnownFileType = folder.assetcatalog; path = Assets.xcassets; sourceTree = "<group>"; };
		E114509E219A57E200F77E2E /* Base */ = {isa = PBXFileReference; lastKnownFileType = file.storyboard; name = Base; path = Base.lproj/LaunchScreen.storyboard; sourceTree = "<group>"; };
		E11450A0219A57E200F77E2E /* Info.plist */ = {isa = PBXFileReference; lastKnownFileType = text.plist.xml; path = Info.plist; sourceTree = "<group>"; };
/* End PBXFileReference section */

/* Begin PBXFrameworksBuildPhase section */
		E114508B219A57E100F77E2E /* Frameworks */ = {
			isa = PBXFrameworksBuildPhase;
			buildActionMask = 2147483647;
			files = (
			);
			runOnlyForDeploymentPostprocessing = 0;
		};
/* End PBXFrameworksBuildPhase section */

/* Begin PBXGroup section */
		E1145085219A57E100F77E2E = {
			isa = PBXGroup;
			children = (
				E1145090219A57E100F77E2E /* InstagramDemo */,
				E114508F219A57E100F77E2E /* Products */,
			);
			sourceTree = "<group>";
		};
		E114508F219A57E100F77E2E /* Products */ = {
			isa = PBXGroup;
			children = (
				E114508E219A57E100F77E2E /* InstagramDemo.app */,
			);
			name = Products;
			sourceTree = "<group>";
		};
		E1145090219A57E100F77E2E /* InstagramDemo */ = {
			isa = PBXGroup;
			children = (
				E1145091219A57E100F77E2E /* AppDelegate.swift */,
				E1145093219A57E100F77E2E /* ViewController.swift */,
				E1145095219A57E100F77E2E /* Main.storyboard */,
				E114509B219A57E200F77E2E /* Assets.xcassets */,
				E114509D219A57E200F77E2E /* LaunchScreen.storyboard */,
				E11450A0219A57E200F77E2E /* Info.plist */,
				E1145098219A57E100F77E2E /* InstagramDemo.xcdatamodeld */,
			);
			path = InstagramDemo;
			sourceTree = "<group>";
		};
/* End PBXGroup section */

/* Begin PBXNativeTarget section */
		E114508D219A57E100F77E2E /* InstagramDemo */ = {
			isa = PBXNativeTarget;
			buildConfigurationList = E11450A3219A57E200F77E2E /* Build configuration list for PBXNativeTarget "InstagramDemo" */;
			buildPhases = (
				E114508A219A57E100F77E2E /* Sources */,
				E114508B219A57E100F77E2E /* Frameworks */,
				E114508C219A57E100F77E2E /* Resources */,
			);
			buildRules = (
			);
			dependencies = (
			);
			name = InstagramDemo;
			productName = InstagramDemo;
			productReference = E114508E219A57E100F77E2E /* InstagramDemo.app */;
			productType = "com.apple.product-type.application";
		};
/* End PBXNativeTarget section */

/* Begin PBXProject section */
		E1145086219A57E100F77E2E /* Project object */ = {
			isa = PBXProject;
			attributes = {
				LastSwiftUpdateCheck = 1010;
				LastUpgradeCheck = 1010;
				ORGANIZATIONNAME = "Andy Guinto";
				TargetAttributes = {
					E114508D219A57E100F77E2E = {
						CreatedOnToolsVersion = 10.1;
					};
				};
			};
			buildConfigurationList = E1145089219A57E100F77E2E /* Build configuration list for PBXProject "InstagramDemo" */;
			compatibilityVersion = "Xcode 9.3";
			developmentRegion = en;
			hasScannedForEncodings = 0;
			knownRegions = (
				en,
				Base,
			);
			mainGroup = E1145085219A57E100F77E2E;
			productRefGroup = E114508F219A57E100F77E2E /* Products */;
			projectDirPath = "";
			projectRoot = "";
			targets = (
				E114508D219A57E100F77E2E /* InstagramDemo */,
			);
		};
/* End PBXProject section */

/* Begin PBXResourcesBuildPhase section */
		E114508C219A57E100F77E2E /* Resources */ = {
			isa = PBXResourcesBuildPhase;
			buildActionMask = 2147483647;
			files = (
				E114509F219A57E200F77E2E /* LaunchScreen.storyboard in Resources */,
				E114509C219A57E200F77E2E /* Assets.xcassets in Resources */,
				E1145097219A57E100F77E2E /* Main.storyboard in Resources */,
			);
			runOnlyForDeploymentPostprocessing = 0;
		};
/* End PBXResourcesBuildPhase section */

/* Begin PBXSourcesBuildPhase section */
		E114508A219A57E100F77E2E /* Sources */ = {
			isa = PBXSourcesBuildPhase;
			buildActionMask = 2147483647;
			files = (
				E114509A219A57E100F77E2E /* InstagramDemo.xcdatamodeld in Sources */,
				E1145094219A57E100F77E2E /* ViewController.swift in Sources */,
				E1145092219A57E100F77E2E /* AppDelegate.swift in Sources */,
			);
			runOnlyForDeploymentPostprocessing = 0;
		};
/* End PBXSourcesBuildPhase section */

/* Begin PBXVariantGroup section */
		E1145095219A57E100F77E2E /* Main.storyboard */ = {
			isa = PBXVariantGroup;
			children = (
				E1145096219A57E100F77E2E /* Base */,
			);
			name = Main.storyboard;
			sourceTree = "<group>";
		};
		E114509D219A57E200F77E2E /* LaunchScreen.storyboard */ = {
			isa = PBXVariantGroup;
			children = (
				E114509E219A57E200F77E2E /* Base */,
			);
			name = LaunchScreen.storyboard;
			sourceTree = "<group>";
		};
/* End PBXVariantGroup section */

/* Begin XCBuildConfiguration section */
		E11450A1219A57E200F77E2E /* Debug */ = {
			isa = XCBuildConfiguration;
			buildSettings = {
				ALWAYS_SEARCH_USER_PATHS = NO;
				CLANG_ANALYZER_NONNULL = YES;
				CLANG_ANALYZER_NUMBER_OBJECT_CONVERSION = YES_AGGRESSIVE;
				CLANG_CXX_LANGUAGE_STANDARD = "gnu++14";
				CLANG_CXX_LIBRARY = "libc++";
				CLANG_ENABLE_MODULES = YES;
				CLANG_ENABLE_OBJC_ARC = YES;
				CLANG_ENABLE_OBJC_WEAK = YES;
				CLANG_WARN_BLOCK_CAPTURE_AUTORELEASING = YES;
				CLANG_WARN_BOOL_CONVERSION = YES;
				CLANG_WARN_COMMA = YES;
				CLANG_WARN_CONSTANT_CONVERSION = YES;
				CLANG_WARN_DEPRECATED_OBJC_IMPLEMENTATIONS = YES;
				CLANG_WARN_DIRECT_OBJC_ISA_USAGE = YES_ERROR;
				CLANG_WARN_DOCUMENTATION_COMMENTS = YES;
				CLANG_WARN_EMPTY_BODY = YES;
				CLANG_WARN_ENUM_CONVERSION = YES;
				CLANG_WARN_INFINITE_RECURSION = YES;
				CLANG_WARN_INT_CONVERSION = YES;
				CLANG_WARN_NON_LITERAL_NULL_CONVERSION = YES;
				CLANG_WARN_OBJC_IMPLICIT_RETAIN_SELF = YES;
				CLANG_WARN_OBJC_LITERAL_CONVERSION = YES;
				CLANG_WARN_OBJC_ROOT_CLASS = YES_ERROR;
				CLANG_WARN_RANGE_LOOP_ANALYSIS = YES;
				CLANG_WARN_STRICT_PROTOTYPES = YES;
				CLANG_WARN_SUSPICIOUS_MOVE = YES;
				CLANG_WARN_UNGUARDED_AVAILABILITY = YES_AGGRESSIVE;
				CLANG_WARN_UNREACHABLE_CODE = YES;
				CLANG_WARN__DUPLICATE_METHOD_MATCH = YES;
				CODE_SIGN_IDENTITY = "iPhone Developer";
				COPY_PHASE_STRIP = NO;
				DEBUG_INFORMATION_FORMAT = dwarf;
				ENABLE_STRICT_OBJC_MSGSEND = YES;
				ENABLE_TESTABILITY = YES;
				GCC_C_LANGUAGE_STANDARD = gnu11;
				GCC_DYNAMIC_NO_PIC = NO;
				GCC_NO_COMMON_BLOCKS = YES;
				GCC_OPTIMIZATION_LEVEL = 0;
				GCC_PREPROCESSOR_DEFINITIONS = (
					"DEBUG=1",
					"$(inherited)",
				);
				GCC_WARN_64_TO_32_BIT_CONVERSION = YES;
				GCC_WARN_ABOUT_RETURN_TYPE = YES_ERROR;
				GCC_WARN_UNDECLARED_SELECTOR = YES;
				GCC_WARN_UNINITIALIZED_AUTOS = YES_AGGRESSIVE;
				GCC_WARN_UNUSED_FUNCTION = YES;
				GCC_WARN_UNUSED_VARIABLE = YES;
				IPHONEOS_DEPLOYMENT_TARGET = 12.1;
				MTL_ENABLE_DEBUG_INFO = INCLUDE_SOURCE;
				MTL_FAST_MATH = YES;
				ONLY_ACTIVE_ARCH = YES;
				SDKROOT = iphoneos;
				SWIFT_ACTIVE_COMPILATION_CONDITIONS = DEBUG;
				SWIFT_OPTIMIZATION_LEVEL = "-Onone";
			};
			name = Debug;
		};
		E11450A2219A57E200F77E2E /* Release */ = {
			isa = XCBuildConfiguration;
			buildSettings = {
				ALWAYS_SEARCH_USER_PATHS = NO;
				CLANG_ANALYZER_NONNULL = YES;
				CLANG_ANALYZER_NUMBER_OBJECT_CONVERSION = YES_AGGRESSIVE;
				CLANG_CXX_LANGUAGE_STANDARD = "gnu++14";
				CLANG_CXX_LIBRARY = "libc++";
				CLANG_ENABLE_MODULES = YES;
				CLANG_ENABLE_OBJC_ARC = YES;
				CLANG_ENABLE_OBJC_WEAK = YES;
				CLANG_WARN_BLOCK_CAPTURE_AUTORELEASING = YES;
				CLANG_WARN_BOOL_CONVERSION = YES;
				CLANG_WARN_COMMA = YES;
				CLANG_WARN_CONSTANT_CONVERSION = YES;
				CLANG_WARN_DEPRECATED_OBJC_IMPLEMENTATIONS = YES;
				CLANG_WARN_DIRECT_OBJC_ISA_USAGE = YES_ERROR;
				CLANG_WARN_DOCUMENTATION_COMMENTS = YES;
				CLANG_WARN_EMPTY_BODY = YES;
				CLANG_WARN_ENUM_CONVERSION = YES;
				CLANG_WARN_INFINITE_RECURSION = YES;
				CLANG_WARN_INT_CONVERSION = YES;
				CLANG_WARN_NON_LITERAL_NULL_CONVERSION = YES;
				CLANG_WARN_OBJC_IMPLICIT_RETAIN_SELF = YES;
				CLANG_WARN_OBJC_LITERAL_CONVERSION = YES;
				CLANG_WARN_OBJC_ROOT_CLASS = YES_ERROR;
				CLANG_WARN_RANGE_LOOP_ANALYSIS = YES;
				CLANG_WARN_STRICT_PROTOTYPES = YES;
				CLANG_WARN_SUSPICIOUS_MOVE = YES;
				CLANG_WARN_UNGUARDED_AVAILABILITY = YES_AGGRESSIVE;
				CLANG_WARN_UNREACHABLE_CODE = YES;
				CLANG_WARN__DUPLICATE_METHOD_MATCH = YES;
				CODE_SIGN_IDENTITY = "iPhone Developer";
				COPY_PHASE_STRIP = NO;
				DEBUG_INFORMATION_FORMAT = "dwarf-with-dsym";
				ENABLE_NS_ASSERTIONS = NO;
				ENABLE_STRICT_OBJC_MSGSEND = YES;
				GCC_C_LANGUAGE_STANDARD = gnu11;
				GCC_NO_COMMON_BLOCKS = YES;
				GCC_WARN_64_TO_32_BIT_CONVERSION = YES;
				GCC_WARN_ABOUT_RETURN_TYPE = YES_ERROR;
				GCC_WARN_UNDECLARED_SELECTOR = YES;
				GCC_WARN_UNINITIALIZED_AUTOS = YES_AGGRESSIVE;
				GCC_WARN_UNUSED_FUNCTION = YES;
				GCC_WARN_UNUSED_VARIABLE = YES;
				IPHONEOS_DEPLOYMENT_TARGET = 12.1;
				MTL_ENABLE_DEBUG_INFO = NO;
				MTL_FAST_MATH = YES;
				SDKROOT = iphoneos;
				SWIFT_COMPILATION_MODE = wholemodule;
				SWIFT_OPTIMIZATION_LEVEL = "-O";
				VALIDATE_PRODUCT = YES;
			};
			name = Release;
		};
		E11450A4219A57E200F77E2E /* Debug */ = {
			isa = XCBuildConfiguration;
			buildSettings = {
				ASSETCATALOG_COMPILER_APPICON_NAME = AppIcon;
				CODE_SIGN_STYLE = Automatic;
				DEVELOPMENT_TEAM = 93NN7GHMYL;
				INFOPLIST_FILE = InstagramDemo/Info.plist;
				LD_RUNPATH_SEARCH_PATHS = (
					"$(inherited)",
					"@executable_path/Frameworks",
				);
				PRODUCT_BUNDLE_IDENTIFIER = com.andyguinto.InstagramDemo;
				PRODUCT_NAME = "$(TARGET_NAME)";
				SWIFT_VERSION = 4.2;
				TARGETED_DEVICE_FAMILY = "1,2";
			};
			name = Debug;
		};
		E11450A5219A57E200F77E2E /* Release */ = {
			isa = XCBuildConfiguration;
			buildSettings = {
				ASSETCATALOG_COMPILER_APPICON_NAME = AppIcon;
				CODE_SIGN_STYLE = Automatic;
				DEVELOPMENT_TEAM = 93NN7GHMYL;
				INFOPLIST_FILE = InstagramDemo/Info.plist;
				LD_RUNPATH_SEARCH_PATHS = (
					"$(inherited)",
					"@executable_path/Frameworks",
				);
				PRODUCT_BUNDLE_IDENTIFIER = com.andyguinto.InstagramDemo;
				PRODUCT_NAME = "$(TARGET_NAME)";
				SWIFT_VERSION = 4.2;
				TARGETED_DEVICE_FAMILY = "1,2";
			};
			name = Release;
		};
/* End XCBuildConfiguration section */

/* Begin XCConfigurationList section */
		E1145089219A57E100F77E2E /* Build configuration list for PBXProject "InstagramDemo" */ = {
			isa = XCConfigurationList;
			buildConfigurations = (
				E11450A1219A57E200F77E2E /* Debug */,
				E11450A2219A57E200F77E2E /* Release */,
			);
			defaultConfigurationIsVisible = 0;
			defaultConfigurationName = Release;
		};
		E11450A3219A57E200F77E2E /* Build configuration list for PBXNativeTarget "InstagramDemo" */ = {
			isa = XCConfigurationList;
			buildConfigurations = (
				E11450A4219A57E200F77E2E /* Debug */,
				E11450A5219A57E200F77E2E /* Release */,
			);
			defaultConfigurationIsVisible = 0;
			defaultConfigurationName = Release;
		};
/* End XCConfigurationList section */

/* Begin XCVersionGroup section */
		E1145098219A57E100F77E2E /* InstagramDemo.xcdatamodeld */ = {
			isa = XCVersionGroup;
			children = (
				E1145099219A57E100F77E2E /* InstagramDemo.xcdatamodel */,
			);
			currentVersion = E1145099219A57E100F77E2E /* InstagramDemo.xcdatamodel */;
			path = InstagramDemo.xcdatamodeld;
			sourceTree = "<group>";
			versionGroupType = wrapper.xcdatamodel;
		};
/* End XCVersionGroup section */
	};
	rootObject = E1145086219A57E100F77E2E /* Project object */;
}
